
Microsoft Visual Studio Solution File, Format Version 12.00
# Visual Studio 15
VisualStudioVersion = 15.0.27004.2009
MinimumVisualStudioVersion = 10.0.40219.1
Project("{FAE04EC0-301F-11D3-BF4B-00C04F79EFBC}") = "Algorithms", "ConsoleApp1\Algorithms.csproj", "{5DACE4FC-4309-4B60-B982-901F049C7460}"
EndProject
Global
	GlobalSection(SolutionConfigurationPlatforms) = preSolution
		Debug|Any CPU = Debug|Any CPU
		Release|Any CPU = Release|Any CPU
	EndGlobalSection
	GlobalSection(ProjectConfigurationPlatforms) = postSolution
		{5DACE4FC-4309-4B60-B982-901F049C7460}.Debug|Any CPU.ActiveCfg = Debug|Any CPU
		{5DACE4FC-4309-4B60-B982-901F049C7460}.Debug|Any CPU.Build.0 = Debug|Any CPU
		{5DACE4FC-4309-4B60-B982-901F049C7460}.Release|Any CPU.ActiveCfg = Release|Any CPU
		{5DACE4FC-4309-4B60-B982-901F049C7460}.Release|Any CPU.Build.0 = Release|Any CPU
	EndGlobalSection
	GlobalSection(SolutionProperties) = preSolution
		HideSolutionNode = FALSE
	EndGlobalSection
	GlobalSection(ExtensibilityGlobals) = postSolution
		SolutionGuid = {E0372AAD-3903-4388-A082-6A0773498767}
	EndGlobalSection
EndGlobal
